Microsoft Visual Studio Solution File, Format Version 12.00
# Visual Studio Version 17
VisualStudioVersion = 17.5.2.0
MinimumVisualStudioVersion = 10.0.40219.1
Project("{FAE04EC0-301F-11D3-BF4B-00C04F79EFBC}") = "SmartFinanceAI.Blazor", "SmartFinanceAI.Blazor.csproj", "{28EC3E74-D022-847D-CC4A-C54AAFF8CDBC}"
EndProject
Global
	GlobalSection(SolutionConfigurationPlatforms) = preSolution
		Debug|Any CPU = Debug|Any CPU
		Release|Any CPU = Release|Any CPU
	EndGlobalSection
	GlobalSection(ProjectConfigurationPlatforms) = postSolution
		{28EC3E74-D022-847D-CC4A-C54AAFF8CDBC}.Debug|Any CPU.ActiveCfg = Debug|Any CPU
		{28EC3E74-D022-847D-CC4A-C54AAFF8CDBC}.Debug|Any CPU.Build.0 = Debug|Any CPU
		{28EC3E74-D022-847D-CC4A-C54AAFF8CDBC}.Release|Any CPU.ActiveCfg = Release|Any CPU
		{28EC3E74-D022-847D-CC4A-C54AAFF8CDBC}.Release|Any CPU.Build.0 = Release|Any CPU
	EndGlobalSection
	GlobalSection(SolutionProperties) = preSolution
		HideSolutionNode = FALSE
	EndGlobalSection
	GlobalSection(ExtensibilityGlobals) = postSolution
		SolutionGuid = {5B43FF24-967D-4B24-81CD-0C328E0EBF6C}
	EndGlobalSection
EndGlobal
